
Microsoft Visual Studio Solution File, Format Version 12.00
# Visual Studio Version 17
VisualStudioVersion = 17.3.32922.545
MinimumVisualStudioVersion = 10.0.40219.1
Project("{FAE04EC0-301F-11D3-BF4B-00C04F79EFBC}") = "PetApp", "PetApp.csproj", "{4AC71BF8-F53E-411C-A368-E488B2C29056}"
EndProject
Global
	GlobalSection(SolutionConfigurationPlatforms) = preSolution
		Debug|Any CPU = Debug|Any CPU
		Release|Any CPU = Release|Any CPU
	EndGlobalSection
	GlobalSection(ProjectConfigurationPlatforms) = postSolution
		{4AC71BF8-F53E-411C-A368-E488B2C29056}.Debug|Any CPU.ActiveCfg = Debug|Any CPU
		{4AC71BF8-F53E-411C-A368-E488B2C29056}.Debug|Any CPU.Build.0 = Debug|Any CPU
		{4AC71BF8-F53E-411C-A368-E488B2C29056}.Release|Any CPU.ActiveCfg = Release|Any CPU
		{4AC71BF8-F53E-411C-A368-E488B2C29056}.Release|Any CPU.Build.0 = Release|Any CPU
	EndGlobalSection
	GlobalSection(SolutionProperties) = preSolution
		HideSolutionNode = FALSE
	EndGlobalSection
	GlobalSection(ExtensibilityGlobals) = postSolution
		SolutionGuid = {E3C668E7-6CAA-4EE3-B134-F8B6E956CB45}
	EndGlobalSection
EndGlobal
