
Microsoft Visual Studio Solution File, Format Version 12.00
# Visual Studio Version 17
VisualStudioVersion = 17.3.32811.315
MinimumVisualStudioVersion = 10.0.40219.1
Project("{FAE04EC0-301F-11D3-BF4B-00C04F79EFBC}") = "UNIT_TEST_1-Q1", "UNIT_TEST_1-Q1.csproj", "{1B0AF4B4-9F43-4EAD-A9A0-8567FCC9AD0D}"
EndProject
Global
	GlobalSection(SolutionConfigurationPlatforms) = preSolution
		Debug|Any CPU = Debug|Any CPU
		Release|Any CPU = Release|Any CPU
	EndGlobalSection
	GlobalSection(ProjectConfigurationPlatforms) = postSolution
		{1B0AF4B4-9F43-4EAD-A9A0-8567FCC9AD0D}.Debug|Any CPU.ActiveCfg = Debug|Any CPU
		{1B0AF4B4-9F43-4EAD-A9A0-8567FCC9AD0D}.Debug|Any CPU.Build.0 = Debug|Any CPU
		{1B0AF4B4-9F43-4EAD-A9A0-8567FCC9AD0D}.Release|Any CPU.ActiveCfg = Release|Any CPU
		{1B0AF4B4-9F43-4EAD-A9A0-8567FCC9AD0D}.Release|Any CPU.Build.0 = Release|Any CPU
	EndGlobalSection
	GlobalSection(SolutionProperties) = preSolution
		HideSolutionNode = FALSE
	EndGlobalSection
	GlobalSection(ExtensibilityGlobals) = postSolution
		SolutionGuid = {AA957A38-63BF-41D4-9865-2F924994B8ED}
	EndGlobalSection
EndGlobal
