
Microsoft Visual Studio Solution File, Format Version 12.00
# Visual Studio Version 17
VisualStudioVersion = 17.3.32811.315
MinimumVisualStudioVersion = 10.0.40219.1
Project("{FAE04EC0-301F-11D3-BF4B-00C04F79EFBC}") = "Martinez_FlowControlExercise6", "Martinez_FlowControlExercise6.csproj", "{EED7E29A-352D-4CF7-BC64-CFFCD501AD8D}"
EndProject
Global
	GlobalSection(SolutionConfigurationPlatforms) = preSolution
		Debug|Any CPU = Debug|Any CPU
		Release|Any CPU = Release|Any CPU
	EndGlobalSection
	GlobalSection(ProjectConfigurationPlatforms) = postSolution
		{EED7E29A-352D-4CF7-BC64-CFFCD501AD8D}.Debug|Any CPU.ActiveCfg = Debug|Any CPU
		{EED7E29A-352D-4CF7-BC64-CFFCD501AD8D}.Debug|Any CPU.Build.0 = Debug|Any CPU
		{EED7E29A-352D-4CF7-BC64-CFFCD501AD8D}.Release|Any CPU.ActiveCfg = Release|Any CPU
		{EED7E29A-352D-4CF7-BC64-CFFCD501AD8D}.Release|Any CPU.Build.0 = Release|Any CPU
	EndGlobalSection
	GlobalSection(SolutionProperties) = preSolution
		HideSolutionNode = FALSE
	EndGlobalSection
	GlobalSection(ExtensibilityGlobals) = postSolution
		SolutionGuid = {21EFBDB2-566E-49CB-8ABE-D01E8530F128}
	EndGlobalSection
EndGlobal
