
Microsoft Visual Studio Solution File, Format Version 12.00
# Visual Studio Version 17
VisualStudioVersion = 17.3.32922.545
MinimumVisualStudioVersion = 10.0.40219.1
Project("{FAE04EC0-301F-11D3-BF4B-00C04F79EFBC}") = "PE20Dom", "PE20Dom.csproj", "{52E13F5D-2C09-40B5-8FD8-12A5008FCD2A}"
EndProject
Global
	GlobalSection(SolutionConfigurationPlatforms) = preSolution
		Debug|Any CPU = Debug|Any CPU
		Release|Any CPU = Release|Any CPU
	EndGlobalSection
	GlobalSection(ProjectConfigurationPlatforms) = postSolution
		{52E13F5D-2C09-40B5-8FD8-12A5008FCD2A}.Debug|Any CPU.ActiveCfg = Debug|Any CPU
		{52E13F5D-2C09-40B5-8FD8-12A5008FCD2A}.Debug|Any CPU.Build.0 = Debug|Any CPU
		{52E13F5D-2C09-40B5-8FD8-12A5008FCD2A}.Release|Any CPU.ActiveCfg = Release|Any CPU
		{52E13F5D-2C09-40B5-8FD8-12A5008FCD2A}.Release|Any CPU.Build.0 = Release|Any CPU
	EndGlobalSection
	GlobalSection(SolutionProperties) = preSolution
		HideSolutionNode = FALSE
	EndGlobalSection
	GlobalSection(ExtensibilityGlobals) = postSolution
		SolutionGuid = {DAEC2BC3-F11C-439F-805B-CE810AC77C51}
	EndGlobalSection
EndGlobal
