
Microsoft Visual Studio Solution File, Format Version 12.00
# Visual Studio Version 17
VisualStudioVersion = 17.3.32922.545
MinimumVisualStudioVersion = 10.0.40219.1
Project("{FAE04EC0-301F-11D3-BF4B-00C04F79EFBC}") = "PE17MultipleForms", "PE17MultipleForms.csproj", "{79B6C3DE-64BD-4D96-9B43-D6227DF71620}"
EndProject
Global
	GlobalSection(SolutionConfigurationPlatforms) = preSolution
		Debug|Any CPU = Debug|Any CPU
		Release|Any CPU = Release|Any CPU
	EndGlobalSection
	GlobalSection(ProjectConfigurationPlatforms) = postSolution
		{79B6C3DE-64BD-4D96-9B43-D6227DF71620}.Debug|Any CPU.ActiveCfg = Debug|Any CPU
		{79B6C3DE-64BD-4D96-9B43-D6227DF71620}.Debug|Any CPU.Build.0 = Debug|Any CPU
		{79B6C3DE-64BD-4D96-9B43-D6227DF71620}.Release|Any CPU.ActiveCfg = Release|Any CPU
		{79B6C3DE-64BD-4D96-9B43-D6227DF71620}.Release|Any CPU.Build.0 = Release|Any CPU
	EndGlobalSection
	GlobalSection(SolutionProperties) = preSolution
		HideSolutionNode = FALSE
	EndGlobalSection
	GlobalSection(ExtensibilityGlobals) = postSolution
		SolutionGuid = {F01FA1CD-EA93-4BCB-A5DB-0C3374426CE9}
	EndGlobalSection
EndGlobal
