
Microsoft Visual Studio Solution File, Format Version 12.00
# Visual Studio Version 17
VisualStudioVersion = 17.3.32811.315
MinimumVisualStudioVersion = 10.0.40219.1
Project("{FAE04EC0-301F-11D3-BF4B-00C04F79EFBC}") = "Martinez_HelloWorld", "Martinez_HelloWorld.csproj", "{D01702BA-B06C-495B-ABD8-44B111999D8B}"
EndProject
Global
	GlobalSection(SolutionConfigurationPlatforms) = preSolution
		Debug|Any CPU = Debug|Any CPU
		Release|Any CPU = Release|Any CPU
	EndGlobalSection
	GlobalSection(ProjectConfigurationPlatforms) = postSolution
		{D01702BA-B06C-495B-ABD8-44B111999D8B}.Debug|Any CPU.ActiveCfg = Debug|Any CPU
		{D01702BA-B06C-495B-ABD8-44B111999D8B}.Debug|Any CPU.Build.0 = Debug|Any CPU
		{D01702BA-B06C-495B-ABD8-44B111999D8B}.Release|Any CPU.ActiveCfg = Release|Any CPU
		{D01702BA-B06C-495B-ABD8-44B111999D8B}.Release|Any CPU.Build.0 = Release|Any CPU
	EndGlobalSection
	GlobalSection(SolutionProperties) = preSolution
		HideSolutionNode = FALSE
	EndGlobalSection
	GlobalSection(ExtensibilityGlobals) = postSolution
		SolutionGuid = {6D4ECBEB-7EC1-4887-8DDB-821480B0E4DD}
	EndGlobalSection
EndGlobal
