
Microsoft Visual Studio Solution File, Format Version 12.00
# Visual Studio Version 17
VisualStudioVersion = 17.3.32922.545
MinimumVisualStudioVersion = 10.0.40219.1
Project("{FAE04EC0-301F-11D3-BF4B-00C04F79EFBC}") = "UnitTest2_Q4-7", "UnitTest2_Q4-7.csproj", "{D93E45F5-A46C-442A-BC4D-F62BA10D8622}"
EndProject
Global
	GlobalSection(SolutionConfigurationPlatforms) = preSolution
		Debug|Any CPU = Debug|Any CPU
		Release|Any CPU = Release|Any CPU
	EndGlobalSection
	GlobalSection(ProjectConfigurationPlatforms) = postSolution
		{D93E45F5-A46C-442A-BC4D-F62BA10D8622}.Debug|Any CPU.ActiveCfg = Debug|Any CPU
		{D93E45F5-A46C-442A-BC4D-F62BA10D8622}.Debug|Any CPU.Build.0 = Debug|Any CPU
		{D93E45F5-A46C-442A-BC4D-F62BA10D8622}.Release|Any CPU.ActiveCfg = Release|Any CPU
		{D93E45F5-A46C-442A-BC4D-F62BA10D8622}.Release|Any CPU.Build.0 = Release|Any CPU
	EndGlobalSection
	GlobalSection(SolutionProperties) = preSolution
		HideSolutionNode = FALSE
	EndGlobalSection
	GlobalSection(ExtensibilityGlobals) = postSolution
		SolutionGuid = {A4648363-22E5-4DCF-86C5-E9D31458E862}
	EndGlobalSection
EndGlobal
