
Microsoft Visual Studio Solution File, Format Version 12.00
# Visual Studio Version 17
VisualStudioVersion = 17.3.32922.545
MinimumVisualStudioVersion = 10.0.40219.1
Project("{FAE04EC0-301F-11D3-BF4B-00C04F79EFBC}") = "MyEditor", "MyEditor.csproj", "{8CC74582-B44F-4605-BBF4-07F21964C200}"
EndProject
Global
	GlobalSection(SolutionConfigurationPlatforms) = preSolution
		Debug|Any CPU = Debug|Any CPU
		Release|Any CPU = Release|Any CPU
	EndGlobalSection
	GlobalSection(ProjectConfigurationPlatforms) = postSolution
		{8CC74582-B44F-4605-BBF4-07F21964C200}.Debug|Any CPU.ActiveCfg = Debug|Any CPU
		{8CC74582-B44F-4605-BBF4-07F21964C200}.Debug|Any CPU.Build.0 = Debug|Any CPU
		{8CC74582-B44F-4605-BBF4-07F21964C200}.Release|Any CPU.ActiveCfg = Release|Any CPU
		{8CC74582-B44F-4605-BBF4-07F21964C200}.Release|Any CPU.Build.0 = Release|Any CPU
	EndGlobalSection
	GlobalSection(SolutionProperties) = preSolution
		HideSolutionNode = FALSE
	EndGlobalSection
	GlobalSection(ExtensibilityGlobals) = postSolution
		SolutionGuid = {C1810EE2-48DD-4A61-A015-029235F48DCB}
	EndGlobalSection
EndGlobal
