
Microsoft Visual Studio Solution File, Format Version 12.00
# Visual Studio Version 17
VisualStudioVersion = 17.3.32811.315
MinimumVisualStudioVersion = 10.0.40219.1
Project("{FAE04EC0-301F-11D3-BF4B-00C04F79EFBC}") = "Martinez_Functions3", "Martinez_Functions3.csproj", "{F9DFFAF9-5DDA-40E6-B180-5FBE3762B924}"
EndProject
Global
	GlobalSection(SolutionConfigurationPlatforms) = preSolution
		Debug|Any CPU = Debug|Any CPU
		Release|Any CPU = Release|Any CPU
	EndGlobalSection
	GlobalSection(ProjectConfigurationPlatforms) = postSolution
		{F9DFFAF9-5DDA-40E6-B180-5FBE3762B924}.Debug|Any CPU.ActiveCfg = Debug|Any CPU
		{F9DFFAF9-5DDA-40E6-B180-5FBE3762B924}.Debug|Any CPU.Build.0 = Debug|Any CPU
		{F9DFFAF9-5DDA-40E6-B180-5FBE3762B924}.Release|Any CPU.ActiveCfg = Release|Any CPU
		{F9DFFAF9-5DDA-40E6-B180-5FBE3762B924}.Release|Any CPU.Build.0 = Release|Any CPU
	EndGlobalSection
	GlobalSection(SolutionProperties) = preSolution
		HideSolutionNode = FALSE
	EndGlobalSection
	GlobalSection(ExtensibilityGlobals) = postSolution
		SolutionGuid = {9E9E1572-AF0A-4FD5-8131-2268767BDC40}
	EndGlobalSection
EndGlobal
